// !$*UTF8*$!
{
	archiveVersion = 1;
	classes = {
	};
	objectVersion = 77;
	objects = {

/* Begin PBXBuildFile section */
		269967502CAE7521000410A3 /* User.swift in Sources */ = {isa = PBXBuildFile; fileRef = 2699674E2CAE7521000410A3 /* User.swift */; };
		269967542CAE755A000410A3 /* RandomNonceString.swift in Sources */ = {isa = PBXBuildFile; fileRef = 269967522CAE755A000410A3 /* RandomNonceString.swift */; };
		269967552CAE755A000410A3 /* SHA256.swift in Sources */ = {isa = PBXBuildFile; fileRef = 269967532CAE755A000410A3 /* SHA256.swift */; };
		269E394B2CAAE217004DF74D /* FirebaseAuth in Frameworks */ = {isa = PBXBuildFile; productRef = 269E394A2CAAE217004DF74D /* FirebaseAuth */; };
		269E397A2CABB86B004DF74D /* Preview Assets.xcassets in Resources */ = {isa = PBXBuildFile; fileRef = 269E39642CABB86B004DF74D /* Preview Assets.xcassets */; };
		269E397B2CABB86B004DF74D /* Assets.xcassets in Resources */ = {isa = PBXBuildFile; fileRef = 269E39662CABB86B004DF74D /* Assets.xcassets */; };
		269E397C2CABB86B004DF74D /* Colors.xcassets in Resources */ = {isa = PBXBuildFile; fileRef = 269E39672CABB86B004DF74D /* Colors.xcassets */; };
		269E397D2CABB86B004DF74D /* LaunchScreen.storyboard in Resources */ = {isa = PBXBuildFile; fileRef = 269E39682CABB86B004DF74D /* LaunchScreen.storyboard */; };
		269E397E2CABB86B004DF74D /* GoogleService-Info.plist in Resources */ = {isa = PBXBuildFile; fileRef = 269E39762CABB86B004DF74D /* GoogleService-Info.plist */; };
		269E39802CABB86B004DF74D /* Color+Extension.swift in Sources */ = {isa = PBXBuildFile; fileRef = 269E39602CABB86B004DF74D /* Color+Extension.swift */; };
		269E39812CABB86B004DF74D /* DIContainer.swift in Sources */ = {isa = PBXBuildFile; fileRef = 269E39622CABB86B004DF74D /* DIContainer.swift */; };
		269E39822CABB86B004DF74D /* AuthenticationService.swift in Sources */ = {isa = PBXBuildFile; fileRef = 269E396A2CABB86B004DF74D /* AuthenticationService.swift */; };
		269E39832CABB86B004DF74D /* Services.swift in Sources */ = {isa = PBXBuildFile; fileRef = 269E396B2CABB86B004DF74D /* Services.swift */; };
		269E39842CABB86B004DF74D /* AuthenticatedView.swift in Sources */ = {isa = PBXBuildFile; fileRef = 269E396D2CABB86B004DF74D /* AuthenticatedView.swift */; };
		269E39852CABB86B004DF74D /* AuthenticationViewModel.swift in Sources */ = {isa = PBXBuildFile; fileRef = 269E396E2CABB86B004DF74D /* AuthenticationViewModel.swift */; };
		269E39862CABB86B004DF74D /* LoginIntroView.swift in Sources */ = {isa = PBXBuildFile; fileRef = 269E39702CABB86B004DF74D /* LoginIntroView.swift */; };
		269E39872CABB86B004DF74D /* MainTabView.swift in Sources */ = {isa = PBXBuildFile; fileRef = 269E39722CABB86B004DF74D /* MainTabView.swift */; };
		269E39882CABB86B004DF74D /* AppDelegate.swift in Sources */ = {isa = PBXBuildFile; fileRef = 269E39752CABB86B004DF74D /* AppDelegate.swift */; };
		269E39892CABB86B004DF74D /* LMessengerApp.swift in Sources */ = {isa = PBXBuildFile; fileRef = 269E39782CABB86B004DF74D /* LMessengerApp.swift */; };
		269E398A2CABB86B004DF74D /* Info.plist in Resources */ = {isa = PBXBuildFile; fileRef = 269E39772CABB86B004DF74D /* Info.plist */; };
		26BE720E2CB024BF007261A8 /* MainTabType.swift in Sources */ = {isa = PBXBuildFile; fileRef = 26BE720D2CB024BF007261A8 /* MainTabType.swift */; };
		26BE72142CB028E6007261A8 /* HomeViewModel.swift in Sources */ = {isa = PBXBuildFile; fileRef = 26BE72132CB028E6007261A8 /* HomeViewModel.swift */; };
		26BE72162CB034FF007261A8 /* ChatViewModel.swift in Sources */ = {isa = PBXBuildFile; fileRef = 26BE72152CB034FF007261A8 /* ChatViewModel.swift */; };
		26DC518A2CAF8DC70098B69C /* HomeView.swift in Sources */ = {isa = PBXBuildFile; fileRef = 26DC51892CAF8DC70098B69C /* HomeView.swift */; };
		26DC518C2CAF8E850098B69C /* CallView.swift in Sources */ = {isa = PBXBuildFile; fileRef = 26DC518B2CAF8E850098B69C /* CallView.swift */; };
		26DC518E2CAF8E920098B69C /* ChatView.swift in Sources */ = {isa = PBXBuildFile; fileRef = 26DC518D2CAF8E920098B69C /* ChatView.swift */; };
		26E3FD3F2CAD69EA009C9541 /* LoginView.swift in Sources */ = {isa = PBXBuildFile; fileRef = 26E3FD3E2CAD69EA009C9541 /* LoginView.swift */; };
		26E3FD412CAD6C17009C9541 /* LoginButtonStyle.swift in Sources */ = {isa = PBXBuildFile; fileRef = 26E3FD402CAD6C17009C9541 /* LoginButtonStyle.swift */; };
		26E3FD442CAD73C2009C9541 /* GoogleSignIn in Frameworks */ = {isa = PBXBuildFile; productRef = 26E3FD432CAD73C2009C9541 /* GoogleSignIn */; };
		26E3FD492CAD7545009C9541 /* ServiceError.swift in Sources */ = {isa = PBXBuildFile; fileRef = 26E3FD482CAD7545009C9541 /* ServiceError.swift */; };
/* End PBXBuildFile section */

/* Begin PBXContainerItemProxy section */
		2690D7992CA6B36F002D3107 /* PBXContainerItemProxy */ = {
			isa = PBXContainerItemProxy;
			containerPortal = 2690D7802CA6B36D002D3107 /* Project object */;
			proxyType = 1;
			remoteGlobalIDString = 2690D7872CA6B36D002D3107;
			remoteInfo = LMessenger;
		};
		2690D7A32CA6B36F002D3107 /* PBXContainerItemProxy */ = {
			isa = PBXContainerItemProxy;
			containerPortal = 2690D7802CA6B36D002D3107 /* Project object */;
			proxyType = 1;
			remoteGlobalIDString = 2690D7872CA6B36D002D3107;
			remoteInfo = LMessenger;
		};
/* End PBXContainerItemProxy section */

/* Begin PBXFileReference section */
		2690D7882CA6B36D002D3107 /* LMessenger.app */ = {isa = PBXFileReference; explicitFileType = wrapper.application; includeInIndex = 0; path = LMessenger.app; sourceTree = BUILT_PRODUCTS_DIR; };
		2690D7982CA6B36F002D3107 /* LMessengerTests.xctest */ = {isa = PBXFileReference; explicitFileType = wrapper.cfbundle; includeInIndex = 0; path = LMessengerTests.xctest; sourceTree = BUILT_PRODUCTS_DIR; };
		2690D7A22CA6B36F002D3107 /* LMessengerUITests.xctest */ = {isa = PBXFileReference; explicitFileType = wrapper.cfbundle; includeInIndex = 0; path = LMessengerUITests.xctest; sourceTree = BUILT_PRODUCTS_DIR; };
		2699674C2CAE6E35000410A3 /* LMessenger.entitlements */ = {isa = PBXFileReference; lastKnownFileType = text.plist.entitlements; path = LMessenger.entitlements; sourceTree = "<group>"; };
		2699674E2CAE7521000410A3 /* User.swift */ = {isa = PBXFileReference; lastKnownFileType = sourcecode.swift; path = User.swift; sourceTree = "<group>"; };
		269967522CAE755A000410A3 /* RandomNonceString.swift */ = {isa = PBXFileReference; lastKnownFileType = sourcecode.swift; path = RandomNonceString.swift; sourceTree = "<group>"; };
		269967532CAE755A000410A3 /* SHA256.swift */ = {isa = PBXFileReference; lastKnownFileType = sourcecode.swift; path = SHA256.swift; sourceTree = "<group>"; };
		269E39602CABB86B004DF74D /* Color+Extension.swift */ = {isa = PBXFileReference; lastKnownFileType = sourcecode.swift; path = "Color+Extension.swift"; sourceTree = "<group>"; };
		269E39622CABB86B004DF74D /* DIContainer.swift */ = {isa = PBXFileReference; lastKnownFileType = sourcecode.swift; path = DIContainer.swift; sourceTree = "<group>"; };
		269E39642CABB86B004DF74D /* Preview Assets.xcassets */ = {isa = PBXFileReference; lastKnownFileType = folder.assetcatalog; path = "Preview Assets.xcassets"; sourceTree = "<group>"; };
		269E39662CABB86B004DF74D /* Assets.xcassets */ = {isa = PBXFileReference; lastKnownFileType = folder.assetcatalog; path = Assets.xcassets; sourceTree = "<group>"; };
		269E39672CABB86B004DF74D /* Colors.xcassets */ = {isa = PBXFileReference; lastKnownFileType = folder.assetcatalog; path = Colors.xcassets; sourceTree = "<group>"; };
		269E39682CABB86B004DF74D /* LaunchScreen.storyboard */ = {isa = PBXFileReference; lastKnownFileType = file.storyboard; path = LaunchScreen.storyboard; sourceTree = "<group>"; };
		269E396A2CABB86B004DF74D /* AuthenticationService.swift */ = {isa = PBXFileReference; lastKnownFileType = sourcecode.swift; path = AuthenticationService.swift; sourceTree = "<group>"; };
		269E396B2CABB86B004DF74D /* Services.swift */ = {isa = PBXFileReference; lastKnownFileType = sourcecode.swift; path = Services.swift; sourceTree = "<group>"; };
		269E396D2CABB86B004DF74D /* AuthenticatedView.swift */ = {isa = PBXFileReference; lastKnownFileType = sourcecode.swift; path = AuthenticatedView.swift; sourceTree = "<group>"; };
		269E396E2CABB86B004DF74D /* AuthenticationViewModel.swift */ = {isa = PBXFileReference; lastKnownFileType = sourcecode.swift; path = AuthenticationViewModel.swift; sourceTree = "<group>"; };
		269E39702CABB86B004DF74D /* LoginIntroView.swift */ = {isa = PBXFileReference; lastKnownFileType = sourcecode.swift; path = LoginIntroView.swift; sourceTree = "<group>"; };
		269E39722CABB86B004DF74D /* MainTabView.swift */ = {isa = PBXFileReference; lastKnownFileType = sourcecode.swift; path = MainTabView.swift; sourceTree = "<group>"; };
		269E39752CABB86B004DF74D /* AppDelegate.swift */ = {isa = PBXFileReference; lastKnownFileType = sourcecode.swift; path = AppDelegate.swift; sourceTree = "<group>"; };
		269E39762CABB86B004DF74D /* GoogleService-Info.plist */ = {isa = PBXFileReference; lastKnownFileType = text.plist.xml; path = "GoogleService-Info.plist"; sourceTree = "<group>"; };
		269E39772CABB86B004DF74D /* Info.plist */ = {isa = PBXFileReference; lastKnownFileType = text.plist.xml; path = Info.plist; sourceTree = "<group>"; };
		269E39782CABB86B004DF74D /* LMessengerApp.swift */ = {isa = PBXFileReference; lastKnownFileType = sourcecode.swift; path = LMessengerApp.swift; sourceTree = "<group>"; };
		26BE720D2CB024BF007261A8 /* MainTabType.swift */ = {isa = PBXFileReference; lastKnownFileType = sourcecode.swift; path = MainTabType.swift; sourceTree = "<group>"; };
		26BE72132CB028E6007261A8 /* HomeViewModel.swift */ = {isa = PBXFileReference; lastKnownFileType = sourcecode.swift; path = HomeViewModel.swift; sourceTree = "<group>"; };
		26BE72152CB034FF007261A8 /* ChatViewModel.swift */ = {isa = PBXFileReference; lastKnownFileType = sourcecode.swift; path = ChatViewModel.swift; sourceTree = "<group>"; };
		26DC51892CAF8DC70098B69C /* HomeView.swift */ = {isa = PBXFileReference; lastKnownFileType = sourcecode.swift; path = HomeView.swift; sourceTree = "<group>"; };
		26DC518B2CAF8E850098B69C /* CallView.swift */ = {isa = PBXFileReference; lastKnownFileType = sourcecode.swift; path = CallView.swift; sourceTree = "<group>"; };
		26DC518D2CAF8E920098B69C /* ChatView.swift */ = {isa = PBXFileReference; lastKnownFileType = sourcecode.swift; path = ChatView.swift; sourceTree = "<group>"; };
		26E3FD3E2CAD69EA009C9541 /* LoginView.swift */ = {isa = PBXFileReference; lastKnownFileType = sourcecode.swift; path = LoginView.swift; sourceTree = "<group>"; };
		26E3FD402CAD6C17009C9541 /* LoginButtonStyle.swift */ = {isa = PBXFileReference; lastKnownFileType = sourcecode.swift; path = LoginButtonStyle.swift; sourceTree = "<group>"; };
		26E3FD482CAD7545009C9541 /* ServiceError.swift */ = {isa = PBXFileReference; lastKnownFileType = sourcecode.swift; path = ServiceError.swift; sourceTree = "<group>"; };
/* End PBXFileReference section */

/* Begin PBXFileSystemSynchronizedRootGroup section */
		2690D79B2CA6B36F002D3107 /* LMessengerTests */ = {
			isa = PBXFileSystemSynchronizedRootGroup;
			path = LMessengerTests;
			sourceTree = "<group>";
		};
		2690D7A52CA6B36F002D3107 /* LMessengerUITests */ = {
			isa = PBXFileSystemSynchronizedRootGroup;
			path = LMessengerUITests;
			sourceTree = "<group>";
		};
/* End PBXFileSystemSynchronizedRootGroup section */

/* Begin PBXFrameworksBuildPhase section */
		2690D7852CA6B36D002D3107 /* Frameworks */ = {
			isa = PBXFrameworksBuildPhase;
			buildActionMask = 2147483647;
			files = (
				269E394B2CAAE217004DF74D /* FirebaseAuth in Frameworks */,
				26E3FD442CAD73C2009C9541 /* GoogleSignIn in Frameworks */,
			);
			runOnlyForDeploymentPostprocessing = 0;
		};
		2690D7952CA6B36F002D3107 /* Frameworks */ = {
			isa = PBXFrameworksBuildPhase;
			buildActionMask = 2147483647;
			files = (
			);
			runOnlyForDeploymentPostprocessing = 0;
		};
		2690D79F2CA6B36F002D3107 /* Frameworks */ = {
			isa = PBXFrameworksBuildPhase;
			buildActionMask = 2147483647;
			files = (
			);
			runOnlyForDeploymentPostprocessing = 0;
		};
/* End PBXFrameworksBuildPhase section */

/* Begin PBXGroup section */
		2690D77F2CA6B36D002D3107 = {
			isa = PBXGroup;
			children = (
				269E39792CABB86B004DF74D /* LMessenger */,
				2690D79B2CA6B36F002D3107 /* LMessengerTests */,
				2690D7A52CA6B36F002D3107 /* LMessengerUITests */,
				2690D7892CA6B36D002D3107 /* Products */,
			);
			sourceTree = "<group>";
		};
		2690D7892CA6B36D002D3107 /* Products */ = {
			isa = PBXGroup;
			children = (
				2690D7882CA6B36D002D3107 /* LMessenger.app */,
				2690D7982CA6B36F002D3107 /* LMessengerTests.xctest */,
				2690D7A22CA6B36F002D3107 /* LMessengerUITests.xctest */,
			);
			name = Products;
			sourceTree = "<group>";
		};
		2699674F2CAE7521000410A3 /* Model */ = {
			isa = PBXGroup;
			children = (
				2699674E2CAE7521000410A3 /* User.swift */,
			);
			path = Model;
			sourceTree = "<group>";
		};
		269967512CAE7524000410A3 /* Util */ = {
			isa = PBXGroup;
			children = (
				269967522CAE755A000410A3 /* RandomNonceString.swift */,
				269967532CAE755A000410A3 /* SHA256.swift */,
			);
			path = Util;
			sourceTree = "<group>";
		};
		269E39612CABB86B004DF74D /* Extension */ = {
			isa = PBXGroup;
			children = (
				269E39602CABB86B004DF74D /* Color+Extension.swift */,
			);
			path = Extension;
			sourceTree = "<group>";
		};
		269E39632CABB86B004DF74D /* General */ = {
			isa = PBXGroup;
			children = (
				269E39622CABB86B004DF74D /* DIContainer.swift */,
			);
			path = General;
			sourceTree = "<group>";
		};
		269E39652CABB86B004DF74D /* Preview Content */ = {
			isa = PBXGroup;
			children = (
				269E39642CABB86B004DF74D /* Preview Assets.xcassets */,
			);
			path = "Preview Content";
			sourceTree = "<group>";
		};
		269E39692CABB86B004DF74D /* Resource */ = {
			isa = PBXGroup;
			children = (
				269E39662CABB86B004DF74D /* Assets.xcassets */,
				269E39672CABB86B004DF74D /* Colors.xcassets */,
				269E39682CABB86B004DF74D /* LaunchScreen.storyboard */,
			);
			path = Resource;
			sourceTree = "<group>";
		};
		269E396C2CABB86B004DF74D /* Service */ = {
			isa = PBXGroup;
			children = (
				269E396B2CABB86B004DF74D /* Services.swift */,
				269E396A2CABB86B004DF74D /* AuthenticationService.swift */,
				26E3FD482CAD7545009C9541 /* ServiceError.swift */,
			);
			path = Service;
			sourceTree = "<group>";
		};
		269E396F2CABB86B004DF74D /* Authentication */ = {
			isa = PBXGroup;
			children = (
				269E396D2CABB86B004DF74D /* AuthenticatedView.swift */,
				269E396E2CABB86B004DF74D /* AuthenticationViewModel.swift */,
			);
			path = Authentication;
			sourceTree = "<group>";
		};
		269E39712CABB86B004DF74D /* Login */ = {
			isa = PBXGroup;
			children = (
				269E39702CABB86B004DF74D /* LoginIntroView.swift */,
				26E3FD3E2CAD69EA009C9541 /* LoginView.swift */,
				26E3FD402CAD6C17009C9541 /* LoginButtonStyle.swift */,
			);
			path = Login;
			sourceTree = "<group>";
		};
		269E39732CABB86B004DF74D /* MainTab */ = {
			isa = PBXGroup;
			children = (
				269E39722CABB86B004DF74D /* MainTabView.swift */,
				26BE720D2CB024BF007261A8 /* MainTabType.swift */,
			);
			path = MainTab;
			sourceTree = "<group>";
		};
		269E39742CABB86B004DF74D /* View */ = {
			isa = PBXGroup;
			children = (
				269E396F2CABB86B004DF74D /* Authentication */,
				269E39712CABB86B004DF74D /* Login */,
				269E39732CABB86B004DF74D /* MainTab */,
				26BE72122CB0288F007261A8 /* Home */,
				26BE72112CB0288F007261A8 /* ChatList */,
				26DC518B2CAF8E850098B69C /* CallView.swift */,
			);
			path = View;
			sourceTree = "<group>";
		};
		269E39792CABB86B004DF74D /* LMessenger */ = {
			isa = PBXGroup;
			children = (
				269E39782CABB86B004DF74D /* LMessengerApp.swift */,
				269E39752CABB86B004DF74D /* AppDelegate.swift */,
				269E39632CABB86B004DF74D /* General */,
				269E396C2CABB86B004DF74D /* Service */,
				269967512CAE7524000410A3 /* Util */,
				269E39612CABB86B004DF74D /* Extension */,
				269E39742CABB86B004DF74D /* View */,
				2699674F2CAE7521000410A3 /* Model */,
				269E39692CABB86B004DF74D /* Resource */,
				269E39652CABB86B004DF74D /* Preview Content */,
				269E39762CABB86B004DF74D /* GoogleService-Info.plist */,
				2699674C2CAE6E35000410A3 /* LMessenger.entitlements */,
				269E39772CABB86B004DF74D /* Info.plist */,
			);
			path = LMessenger;
			sourceTree = "<group>";
		};
		26BE72112CB0288F007261A8 /* ChatList */ = {
			isa = PBXGroup;
			children = (
				26DC518D2CAF8E920098B69C /* ChatView.swift */,
				26BE72152CB034FF007261A8 /* ChatViewModel.swift */,
			);
			path = ChatList;
			sourceTree = "<group>";
		};
		26BE72122CB0288F007261A8 /* Home */ = {
			isa = PBXGroup;
			children = (
				26DC51892CAF8DC70098B69C /* HomeView.swift */,
				26BE72132CB028E6007261A8 /* HomeViewModel.swift */,
			);
			path = Home;
			sourceTree = "<group>";
		};
/* End PBXGroup section */

/* Begin PBXNativeTarget section */
		2690D7872CA6B36D002D3107 /* LMessenger */ = {
			isa = PBXNativeTarget;
			buildConfigurationList = 2690D7AC2CA6B36F002D3107 /* Build configuration list for PBXNativeTarget "LMessenger" */;
			buildPhases = (
				2690D7842CA6B36D002D3107 /* Sources */,
				2690D7852CA6B36D002D3107 /* Frameworks */,
				2690D7862CA6B36D002D3107 /* Resources */,
			);
			buildRules = (
			);
			dependencies = (
			);
			name = LMessenger;
			packageProductDependencies = (
				269E394A2CAAE217004DF74D /* FirebaseAuth */,
				26E3FD432CAD73C2009C9541 /* GoogleSignIn */,
			);
			productName = LMessenger;
			productReference = 2690D7882CA6B36D002D3107 /* LMessenger.app */;
			productType = "com.apple.product-type.application";
		};
		2690D7972CA6B36F002D3107 /* LMessengerTests */ = {
			isa = PBXNativeTarget;
			buildConfigurationList = 2690D7AF2CA6B36F002D3107 /* Build configuration list for PBXNativeTarget "LMessengerTests" */;
			buildPhases = (
				2690D7942CA6B36F002D3107 /* Sources */,
				2690D7952CA6B36F002D3107 /* Frameworks */,
				2690D7962CA6B36F002D3107 /* Resources */,
			);
			buildRules = (
			);
			dependencies = (
				2690D79A2CA6B36F002D3107 /* PBXTargetDependency */,
			);
			fileSystemSynchronizedGroups = (
				2690D79B2CA6B36F002D3107 /* LMessengerTests */,
			);
			name = LMessengerTests;
			packageProductDependencies = (
			);
			productName = LMessengerTests;
			productReference = 2690D7982CA6B36F002D3107 /* LMessengerTests.xctest */;
			productType = "com.apple.product-type.bundle.unit-test";
		};
		2690D7A12CA6B36F002D3107 /* LMessengerUITests */ = {
			isa = PBXNativeTarget;
			buildConfigurationList = 2690D7B22CA6B36F002D3107 /* Build configuration list for PBXNativeTarget "LMessengerUITests" */;
			buildPhases = (
				2690D79E2CA6B36F002D3107 /* Sources */,
				2690D79F2CA6B36F002D3107 /* Frameworks */,
				2690D7A02CA6B36F002D3107 /* Resources */,
			);
			buildRules = (
			);
			dependencies = (
				2690D7A42CA6B36F002D3107 /* PBXTargetDependency */,
			);
			fileSystemSynchronizedGroups = (
				2690D7A52CA6B36F002D3107 /* LMessengerUITests */,
			);
			name = LMessengerUITests;
			packageProductDependencies = (
			);
			productName = LMessengerUITests;
			productReference = 2690D7A22CA6B36F002D3107 /* LMessengerUITests.xctest */;
			productType = "com.apple.product-type.bundle.ui-testing";
		};
/* End PBXNativeTarget section */

/* Begin PBXProject section */
		2690D7802CA6B36D002D3107 /* Project object */ = {
			isa = PBXProject;
			attributes = {
				BuildIndependentTargetsInParallel = 1;
				LastSwiftUpdateCheck = 1600;
				LastUpgradeCheck = 1600;
				TargetAttributes = {
					2690D7872CA6B36D002D3107 = {
						CreatedOnToolsVersion = 16.0;
					};
					2690D7972CA6B36F002D3107 = {
						CreatedOnToolsVersion = 16.0;
						TestTargetID = 2690D7872CA6B36D002D3107;
					};
					2690D7A12CA6B36F002D3107 = {
						CreatedOnToolsVersion = 16.0;
						TestTargetID = 2690D7872CA6B36D002D3107;
					};
				};
			};
			buildConfigurationList = 2690D7832CA6B36D002D3107 /* Build configuration list for PBXProject "LMessenger" */;
			developmentRegion = en;
			hasScannedForEncodings = 0;
			knownRegions = (
				en,
				Base,
			);
			mainGroup = 2690D77F2CA6B36D002D3107;
			minimizedProjectReferenceProxies = 1;
			packageReferences = (
				269E39492CAAE217004DF74D /* XCRemoteSwiftPackageReference "firebase-ios-sdk" */,
				26E3FD422CAD73C2009C9541 /* XCRemoteSwiftPackageReference "GoogleSignIn-iOS" */,
			);
			preferredProjectObjectVersion = 77;
			productRefGroup = 2690D7892CA6B36D002D3107 /* Products */;
			projectDirPath = "";
			projectRoot = "";
			targets = (
				2690D7872CA6B36D002D3107 /* LMessenger */,
				2690D7972CA6B36F002D3107 /* LMessengerTests */,
				2690D7A12CA6B36F002D3107 /* LMessengerUITests */,
			);
		};
/* End PBXProject section */

/* Begin PBXResourcesBuildPhase section */
		2690D7862CA6B36D002D3107 /* Resources */ = {
			isa = PBXResourcesBuildPhase;
			buildActionMask = 2147483647;
			files = (
				269E397A2CABB86B004DF74D /* Preview Assets.xcassets in Resources */,
				269E397B2CABB86B004DF74D /* Assets.xcassets in Resources */,
				269E397C2CABB86B004DF74D /* Colors.xcassets in Resources */,
				269E397D2CABB86B004DF74D /* LaunchScreen.storyboard in Resources */,
				269E397E2CABB86B004DF74D /* GoogleService-Info.plist in Resources */,
			);
			runOnlyForDeploymentPostprocessing = 0;
		};
		2690D7962CA6B36F002D3107 /* Resources */ = {
			isa = PBXResourcesBuildPhase;
			buildActionMask = 2147483647;
			files = (
			);
			runOnlyForDeploymentPostprocessing = 0;
		};
		2690D7A02CA6B36F002D3107 /* Resources */ = {
			isa = PBXResourcesBuildPhase;
			buildActionMask = 2147483647;
			files = (
				269E398A2CABB86B004DF74D /* Info.plist in Resources */,
			);
			runOnlyForDeploymentPostprocessing = 0;
		};
/* End PBXResourcesBuildPhase section */

/* Begin PBXSourcesBuildPhase section */
		2690D7842CA6B36D002D3107 /* Sources */ = {
			isa = PBXSourcesBuildPhase;
			buildActionMask = 2147483647;
			files = (
				269E39802CABB86B004DF74D /* Color+Extension.swift in Sources */,
				269E39812CABB86B004DF74D /* DIContainer.swift in Sources */,
				269E39822CABB86B004DF74D /* AuthenticationService.swift in Sources */,
				269967542CAE755A000410A3 /* RandomNonceString.swift in Sources */,
				269967552CAE755A000410A3 /* SHA256.swift in Sources */,
				26DC518A2CAF8DC70098B69C /* HomeView.swift in Sources */,
				269E39832CABB86B004DF74D /* Services.swift in Sources */,
				269E39842CABB86B004DF74D /* AuthenticatedView.swift in Sources */,
				269E39852CABB86B004DF74D /* AuthenticationViewModel.swift in Sources */,
				269967502CAE7521000410A3 /* User.swift in Sources */,
				269E39862CABB86B004DF74D /* LoginIntroView.swift in Sources */,
				26DC518E2CAF8E920098B69C /* ChatView.swift in Sources */,
				26E3FD412CAD6C17009C9541 /* LoginButtonStyle.swift in Sources */,
				26DC518C2CAF8E850098B69C /* CallView.swift in Sources */,
				269E39872CABB86B004DF74D /* MainTabView.swift in Sources */,
				26E3FD3F2CAD69EA009C9541 /* LoginView.swift in Sources */,
				26BE72142CB028E6007261A8 /* HomeViewModel.swift in Sources */,
				269E39882CABB86B004DF74D /* AppDelegate.swift in Sources */,
				26E3FD492CAD7545009C9541 /* ServiceError.swift in Sources */,
				26BE720E2CB024BF007261A8 /* MainTabType.swift in Sources */,
				26BE72162CB034FF007261A8 /* ChatViewModel.swift in Sources */,
				269E39892CABB86B004DF74D /* LMessengerApp.swift in Sources */,
			);
			runOnlyForDeploymentPostprocessing = 0;
		};
		2690D7942CA6B36F002D3107 /* Sources */ = {
			isa = PBXSourcesBuildPhase;
			buildActionMask = 2147483647;
			files = (
			);
			runOnlyForDeploymentPostprocessing = 0;
		};
		2690D79E2CA6B36F002D3107 /* Sources */ = {
			isa = PBXSourcesBuildPhase;
			buildActionMask = 2147483647;
			files = (
			);
			runOnlyForDeploymentPostprocessing = 0;
		};
/* End PBXSourcesBuildPhase section */

/* Begin PBXTargetDependency section */
		2690D79A2CA6B36F002D3107 /* PBXTargetDependency */ = {
			isa = PBXTargetDependency;
			target = 2690D7872CA6B36D002D3107 /* LMessenger */;
			targetProxy = 2690D7992CA6B36F002D3107 /* PBXContainerItemProxy */;
		};
		2690D7A42CA6B36F002D3107 /* PBXTargetDependency */ = {
			isa = PBXTargetDependency;
			target = 2690D7872CA6B36D002D3107 /* LMessenger */;
			targetProxy = 2690D7A32CA6B36F002D3107 /* PBXContainerItemProxy */;
		};
/* End PBXTargetDependency section */

/* Begin XCBuildConfiguration section */
		2690D7AA2CA6B36F002D3107 /* Debug */ = {
			isa = XCBuildConfiguration;
			buildSettings = {
				ALWAYS_SEARCH_USER_PATHS = NO;
				ASSETCATALOG_COMPILER_GENERATE_SWIFT_ASSET_SYMBOL_EXTENSIONS = NO;
				CLANG_ANALYZER_NONNULL = YES;
				CLANG_ANALYZER_NUMBER_OBJECT_CONVERSION = YES_AGGRESSIVE;
				CLANG_CXX_LANGUAGE_STANDARD = "gnu++20";
				CLANG_ENABLE_MODULES = YES;
				CLANG_ENABLE_OBJC_ARC = YES;
				CLANG_ENABLE_OBJC_WEAK = YES;
				CLANG_WARN_BLOCK_CAPTURE_AUTORELEASING = YES;
				CLANG_WARN_BOOL_CONVERSION = YES;
				CLANG_WARN_COMMA = YES;
				CLANG_WARN_CONSTANT_CONVERSION = YES;
				CLANG_WARN_DEPRECATED_OBJC_IMPLEMENTATIONS = YES;
				CLANG_WARN_DIRECT_OBJC_ISA_USAGE = YES_ERROR;
				CLANG_WARN_DOCUMENTATION_COMMENTS = YES;
				CLANG_WARN_EMPTY_BODY = YES;
				CLANG_WARN_ENUM_CONVERSION = YES;
				CLANG_WARN_INFINITE_RECURSION = YES;
				CLANG_WARN_INT_CONVERSION = YES;
				CLANG_WARN_NON_LITERAL_NULL_CONVERSION = YES;
				CLANG_WARN_OBJC_IMPLICIT_RETAIN_SELF = YES;
				CLANG_WARN_OBJC_LITERAL_CONVERSION = YES;
				CLANG_WARN_OBJC_ROOT_CLASS = YES_ERROR;
				CLANG_WARN_QUOTED_INCLUDE_IN_FRAMEWORK_HEADER = YES;
				CLANG_WARN_RANGE_LOOP_ANALYSIS = YES;
				CLANG_WARN_STRICT_PROTOTYPES = YES;
				CLANG_WARN_SUSPICIOUS_MOVE = YES;
				CLANG_WARN_UNGUARDED_AVAILABILITY = YES_AGGRESSIVE;
				CLANG_WARN_UNREACHABLE_CODE = YES;
				CLANG_WARN__DUPLICATE_METHOD_MATCH = YES;
				COPY_PHASE_STRIP = NO;
				DEBUG_INFORMATION_FORMAT = dwarf;
				ENABLE_STRICT_OBJC_MSGSEND = YES;
				ENABLE_TESTABILITY = YES;
				ENABLE_USER_SCRIPT_SANDBOXING = YES;
				GCC_C_LANGUAGE_STANDARD = gnu17;
				GCC_DYNAMIC_NO_PIC = NO;
				GCC_NO_COMMON_BLOCKS = YES;
				GCC_OPTIMIZATION_LEVEL = 0;
				GCC_PREPROCESSOR_DEFINITIONS = (
					"DEBUG=1",
					"$(inherited)",
				);
				GCC_WARN_64_TO_32_BIT_CONVERSION = YES;
				GCC_WARN_ABOUT_RETURN_TYPE = YES_ERROR;
				GCC_WARN_UNDECLARED_SELECTOR = YES;
				GCC_WARN_UNINITIALIZED_AUTOS = YES_AGGRESSIVE;
				GCC_WARN_UNUSED_FUNCTION = YES;
				GCC_WARN_UNUSED_VARIABLE = YES;
				IPHONEOS_DEPLOYMENT_TARGET = 18.0;
				LOCALIZATION_PREFERS_STRING_CATALOGS = YES;
				MTL_ENABLE_DEBUG_INFO = INCLUDE_SOURCE;
				MTL_FAST_MATH = YES;
				ONLY_ACTIVE_ARCH = YES;
				SDKROOT = iphoneos;
				SWIFT_ACTIVE_COMPILATION_CONDITIONS = "DEBUG $(inherited)";
				SWIFT_OPTIMIZATION_LEVEL = "-Onone";
			};
			name = Debug;
		};
		2690D7AB2CA6B36F002D3107 /* Release */ = {
			isa = XCBuildConfiguration;
			buildSettings = {
				ALWAYS_SEARCH_USER_PATHS = NO;
				ASSETCATALOG_COMPILER_GENERATE_SWIFT_ASSET_SYMBOL_EXTENSIONS = NO;
				CLANG_ANALYZER_NONNULL = YES;
				CLANG_ANALYZER_NUMBER_OBJECT_CONVERSION = YES_AGGRESSIVE;
				CLANG_CXX_LANGUAGE_STANDARD = "gnu++20";
				CLANG_ENABLE_MODULES = YES;
				CLANG_ENABLE_OBJC_ARC = YES;
				CLANG_ENABLE_OBJC_WEAK = YES;
				CLANG_WARN_BLOCK_CAPTURE_AUTORELEASING = YES;
				CLANG_WARN_BOOL_CONVERSION = YES;
				CLANG_WARN_COMMA = YES;
				CLANG_WARN_CONSTANT_CONVERSION = YES;
				CLANG_WARN_DEPRECATED_OBJC_IMPLEMENTATIONS = YES;
				CLANG_WARN_DIRECT_OBJC_ISA_USAGE = YES_ERROR;
				CLANG_WARN_DOCUMENTATION_COMMENTS = YES;
				CLANG_WARN_EMPTY_BODY = YES;
				CLANG_WARN_ENUM_CONVERSION = YES;
				CLANG_WARN_INFINITE_RECURSION = YES;
				CLANG_WARN_INT_CONVERSION = YES;
				CLANG_WARN_NON_LITERAL_NULL_CONVERSION = YES;
				CLANG_WARN_OBJC_IMPLICIT_RETAIN_SELF = YES;
				CLANG_WARN_OBJC_LITERAL_CONVERSION = YES;
				CLANG_WARN_OBJC_ROOT_CLASS = YES_ERROR;
				CLANG_WARN_QUOTED_INCLUDE_IN_FRAMEWORK_HEADER = YES;
				CLANG_WARN_RANGE_LOOP_ANALYSIS = YES;
				CLANG_WARN_STRICT_PROTOTYPES = YES;
				CLANG_WARN_SUSPICIOUS_MOVE = YES;
				CLANG_WARN_UNGUARDED_AVAILABILITY = YES_AGGRESSIVE;
				CLANG_WARN_UNREACHABLE_CODE = YES;
				CLANG_WARN__DUPLICATE_METHOD_MATCH = YES;
				COPY_PHASE_STRIP = NO;
				DEBUG_INFORMATION_FORMAT = "dwarf-with-dsym";
				ENABLE_NS_ASSERTIONS = NO;
				ENABLE_STRICT_OBJC_MSGSEND = YES;
				ENABLE_USER_SCRIPT_SANDBOXING = YES;
				GCC_C_LANGUAGE_STANDARD = gnu17;
				GCC_NO_COMMON_BLOCKS = YES;
				GCC_WARN_64_TO_32_BIT_CONVERSION = YES;
				GCC_WARN_ABOUT_RETURN_TYPE = YES_ERROR;
				GCC_WARN_UNDECLARED_SELECTOR = YES;
				GCC_WARN_UNINITIALIZED_AUTOS = YES_AGGRESSIVE;
				GCC_WARN_UNUSED_FUNCTION = YES;
				GCC_WARN_UNUSED_VARIABLE = YES;
				IPHONEOS_DEPLOYMENT_TARGET = 18.0;
				LOCALIZATION_PREFERS_STRING_CATALOGS = YES;
				MTL_ENABLE_DEBUG_INFO = NO;
				MTL_FAST_MATH = YES;
				SDKROOT = iphoneos;
				SWIFT_COMPILATION_MODE = wholemodule;
				VALIDATE_PRODUCT = YES;
			};
			name = Release;
		};
		2690D7AD2CA6B36F002D3107 /* Debug */ = {
			isa = XCBuildConfiguration;
			buildSettings = {
				ASSETCATALOG_COMPILER_APPICON_NAME = AppIcon;
				ASSETCATALOG_COMPILER_GLOBAL_ACCENT_COLOR_NAME = AccentColor;
				CODE_SIGN_ENTITLEMENTS = LMessenger/LMessenger.entitlements;
				CODE_SIGN_STYLE = Automatic;
				CURRENT_PROJECT_VERSION = 1;
				DEVELOPMENT_ASSET_PATHS = "\"LMessenger/Preview Content\"";
				DEVELOPMENT_TEAM = 45LBN4FUN7;
				ENABLE_PREVIEWS = YES;
				GENERATE_INFOPLIST_FILE = YES;
				INFOPLIST_FILE = LMessenger/Info.plist;
				INFOPLIST_KEY_LSApplicationCategoryType = "";
				INFOPLIST_KEY_UIApplicationSceneManifest_Generation = YES;
				INFOPLIST_KEY_UIApplicationSupportsIndirectInputEvents = YES;
				INFOPLIST_KEY_UILaunchStoryboardName = LaunchScreen;
				INFOPLIST_KEY_UISupportedInterfaceOrientations = UIInterfaceOrientationPortrait;
				IPHONEOS_DEPLOYMENT_TARGET = 16.0;
				LD_RUNPATH_SEARCH_PATHS = (
					"$(inherited)",
					"@executable_path/Frameworks",
				);
				MARKETING_VERSION = 1.0;
				PRODUCT_BUNDLE_IDENTIFIER = com.ashyou.LMessenger;
				PRODUCT_NAME = "$(TARGET_NAME)";
				SUPPORTED_PLATFORMS = "iphoneos iphonesimulator";
				SUPPORTS_MACCATALYST = NO;
				SUPPORTS_MAC_DESIGNED_FOR_IPHONE_IPAD = NO;
				SUPPORTS_XR_DESIGNED_FOR_IPHONE_IPAD = NO;
				SWIFT_EMIT_LOC_STRINGS = YES;
				SWIFT_VERSION = 5.0;
				TARGETED_DEVICE_FAMILY = "1,2";
			};
			name = Debug;
		};
		2690D7AE2CA6B36F002D3107 /* Release */ = {
			isa = XCBuildConfiguration;
			buildSettings = {
				ASSETCATALOG_COMPILER_APPICON_NAME = AppIcon;
				ASSETCATALOG_COMPILER_GLOBAL_ACCENT_COLOR_NAME = AccentColor;
				CODE_SIGN_ENTITLEMENTS = LMessenger/LMessenger.entitlements;
				CODE_SIGN_STYLE = Automatic;
				CURRENT_PROJECT_VERSION = 1;
				DEVELOPMENT_ASSET_PATHS = "\"LMessenger/Preview Content\"";
				DEVELOPMENT_TEAM = 45LBN4FUN7;
				ENABLE_PREVIEWS = YES;
				GENERATE_INFOPLIST_FILE = YES;
				INFOPLIST_FILE = LMessenger/Info.plist;
				INFOPLIST_KEY_LSApplicationCategoryType = "";
				INFOPLIST_KEY_UIApplicationSceneManifest_Generation = YES;
				INFOPLIST_KEY_UIApplicationSupportsIndirectInputEvents = YES;
				INFOPLIST_KEY_UILaunchStoryboardName = LaunchScreen;
				INFOPLIST_KEY_UISupportedInterfaceOrientations = UIInterfaceOrientationPortrait;
				IPHONEOS_DEPLOYMENT_TARGET = 16.0;
				LD_RUNPATH_SEARCH_PATHS = (
					"$(inherited)",
					"@executable_path/Frameworks",
				);
				MARKETING_VERSION = 1.0;
				PRODUCT_BUNDLE_IDENTIFIER = com.ashyou.LMessenger;
				PRODUCT_NAME = "$(TARGET_NAME)";
				SUPPORTED_PLATFORMS = "iphoneos iphonesimulator";
				SUPPORTS_MACCATALYST = NO;
				SUPPORTS_MAC_DESIGNED_FOR_IPHONE_IPAD = NO;
				SUPPORTS_XR_DESIGNED_FOR_IPHONE_IPAD = NO;
				SWIFT_EMIT_LOC_STRINGS = YES;
				SWIFT_VERSION = 5.0;
				TARGETED_DEVICE_FAMILY = "1,2";
			};
			name = Release;
		};
		2690D7B02CA6B36F002D3107 /* Debug */ = {
			isa = XCBuildConfiguration;
			buildSettings = {
				BUNDLE_LOADER = "$(TEST_HOST)";
				CODE_SIGN_STYLE = Automatic;
				CURRENT_PROJECT_VERSION = 1;
				GENERATE_INFOPLIST_FILE = YES;
				IPHONEOS_DEPLOYMENT_TARGET = 18.0;
				MARKETING_VERSION = 1.0;
				PRODUCT_BUNDLE_IDENTIFIER = com.ashyou.LMessengerTests;
				PRODUCT_NAME = "$(TARGET_NAME)";
				SWIFT_EMIT_LOC_STRINGS = NO;
				SWIFT_VERSION = 5.0;
				TARGETED_DEVICE_FAMILY = "1,2";
				TEST_HOST = "$(BUILT_PRODUCTS_DIR)/LMessenger.app/$(BUNDLE_EXECUTABLE_FOLDER_PATH)/LMessenger";
			};
			name = Debug;
		};
		2690D7B12CA6B36F002D3107 /* Release */ = {
			isa = XCBuildConfiguration;
			buildSettings = {
				BUNDLE_LOADER = "$(TEST_HOST)";
				CODE_SIGN_STYLE = Automatic;
				CURRENT_PROJECT_VERSION = 1;
				GENERATE_INFOPLIST_FILE = YES;
				IPHONEOS_DEPLOYMENT_TARGET = 18.0;
				MARKETING_VERSION = 1.0;
				PRODUCT_BUNDLE_IDENTIFIER = com.ashyou.LMessengerTests;
				PRODUCT_NAME = "$(TARGET_NAME)";
				SWIFT_EMIT_LOC_STRINGS = NO;
				SWIFT_VERSION = 5.0;
				TARGETED_DEVICE_FAMILY = "1,2";
				TEST_HOST = "$(BUILT_PRODUCTS_DIR)/LMessenger.app/$(BUNDLE_EXECUTABLE_FOLDER_PATH)/LMessenger";
			};
			name = Release;
		};
		2690D7B32CA6B36F002D3107 /* Debug */ = {
			isa = XCBuildConfiguration;
			buildSettings = {
				CODE_SIGN_STYLE = Automatic;
				CURRENT_PROJECT_VERSION = 1;
				GENERATE_INFOPLIST_FILE = YES;
				MARKETING_VERSION = 1.0;
				PRODUCT_BUNDLE_IDENTIFIER = com.ashyou.LMessengerUITests;
				PRODUCT_NAME = "$(TARGET_NAME)";
				SWIFT_EMIT_LOC_STRINGS = NO;
				SWIFT_VERSION = 5.0;
				TARGETED_DEVICE_FAMILY = "1,2";
				TEST_TARGET_NAME = LMessenger;
			};
			name = Debug;
		};
		2690D7B42CA6B36F002D3107 /* Release */ = {
			isa = XCBuildConfiguration;
			buildSettings = {
				CODE_SIGN_STYLE = Automatic;
				CURRENT_PROJECT_VERSION = 1;
				GENERATE_INFOPLIST_FILE = YES;
				MARKETING_VERSION = 1.0;
				PRODUCT_BUNDLE_IDENTIFIER = com.ashyou.LMessengerUITests;
				PRODUCT_NAME = "$(TARGET_NAME)";
				SWIFT_EMIT_LOC_STRINGS = NO;
				SWIFT_VERSION = 5.0;
				TARGETED_DEVICE_FAMILY = "1,2";
				TEST_TARGET_NAME = LMessenger;
			};
			name = Release;
		};
/* End XCBuildConfiguration section */

/* Begin XCConfigurationList section */
		2690D7832CA6B36D002D3107 /* Build configuration list for PBXProject "LMessenger" */ = {
			isa = XCConfigurationList;
			buildConfigurations = (
				2690D7AA2CA6B36F002D3107 /* Debug */,
				2690D7AB2CA6B36F002D3107 /* Release */,
			);
			defaultConfigurationIsVisible = 0;
			defaultConfigurationName = Release;
		};
		2690D7AC2CA6B36F002D3107 /* Build configuration list for PBXNativeTarget "LMessenger" */ = {
			isa = XCConfigurationList;
			buildConfigurations = (
				2690D7AD2CA6B36F002D3107 /* Debug */,
				2690D7AE2CA6B36F002D3107 /* Release */,
			);
			defaultConfigurationIsVisible = 0;
			defaultConfigurationName = Release;
		};
		2690D7AF2CA6B36F002D3107 /* Build configuration list for PBXNativeTarget "LMessengerTests" */ = {
			isa = XCConfigurationList;
			buildConfigurations = (
				2690D7B02CA6B36F002D3107 /* Debug */,
				2690D7B12CA6B36F002D3107 /* Release */,
			);
			defaultConfigurationIsVisible = 0;
			defaultConfigurationName = Release;
		};
		2690D7B22CA6B36F002D3107 /* Build configuration list for PBXNativeTarget "LMessengerUITests" */ = {
			isa = XCConfigurationList;
			buildConfigurations = (
				2690D7B32CA6B36F002D3107 /* Debug */,
				2690D7B42CA6B36F002D3107 /* Release */,
			);
			defaultConfigurationIsVisible = 0;
			defaultConfigurationName = Release;
		};
/* End XCConfigurationList section */

/* Begin XCRemoteSwiftPackageReference section */
		269E39492CAAE217004DF74D /* XCRemoteSwiftPackageReference "firebase-ios-sdk" */ = {
			isa = XCRemoteSwiftPackageReference;
			repositoryURL = "https://github.com/firebase/firebase-ios-sdk";
			requirement = {
				kind = upToNextMajorVersion;
				minimumVersion = 11.2.0;
			};
		};
		26E3FD422CAD73C2009C9541 /* XCRemoteSwiftPackageReference "GoogleSignIn-iOS" */ = {
			isa = XCRemoteSwiftPackageReference;
			repositoryURL = "https://github.com/google/GoogleSignIn-iOS";
			requirement = {
				kind = upToNextMajorVersion;
				minimumVersion = 8.0.0;
			};
		};
/* End XCRemoteSwiftPackageReference section */

/* Begin XCSwiftPackageProductDependency section */
		269E394A2CAAE217004DF74D /* FirebaseAuth */ = {
			isa = XCSwiftPackageProductDependency;
			package = 269E39492CAAE217004DF74D /* XCRemoteSwiftPackageReference "firebase-ios-sdk" */;
			productName = FirebaseAuth;
		};
		26E3FD432CAD73C2009C9541 /* GoogleSignIn */ = {
			isa = XCSwiftPackageProductDependency;
			package = 26E3FD422CAD73C2009C9541 /* XCRemoteSwiftPackageReference "GoogleSignIn-iOS" */;
			productName = GoogleSignIn;
		};
/* End XCSwiftPackageProductDependency section */
	};
	rootObject = 2690D7802CA6B36D002D3107 /* Project object */;
}
